
Microsoft Visual Studio Solution File, Format Version 12.00
# Visual Studio Version 17
VisualStudioVersion = 17.5.33502.453
MinimumVisualStudioVersion = 10.0.40219.1
Project("{9A19103F-16F7-4668-BE54-9A1E7A4F7556}") = "RealHauzing.EntityLayer", "RealHauzing.EntityLayer\RealHauzing.EntityLayer.csproj", "{9A56B611-0441-45C1-B0B9-FAD379D6DCA8}"
EndProject
Project("{9A19103F-16F7-4668-BE54-9A1E7A4F7556}") = "RealHauzing.DataAccessLayer", "RealHauzing.DataAccessLayer\RealHauzing.DataAccessLayer.csproj", "{830C1A76-8DA0-4E50-AE0A-EA9C6EAAA74D}"
EndProject
Project("{9A19103F-16F7-4668-BE54-9A1E7A4F7556}") = "RealHauzing.DtoLayer", "RealHauzing.DtoLayer\RealHauzing.DtoLayer.csproj", "{448EB867-B336-4A50-A683-0F124EEFF35E}"
EndProject
Project("{9A19103F-16F7-4668-BE54-9A1E7A4F7556}") = "RealHauzing.BussinessLayer", "RealHauzing.BussinessLayer\RealHauzing.BussinessLayer.csproj", "{E485259A-6BA1-49C8-AB63-4771725EA8AE}"
EndProject
Project("{9A19103F-16F7-4668-BE54-9A1E7A4F7556}") = "RealHauzing.ApiLayer", "RealHauzing.ApiLayer\RealHauzing.ApiLayer.csproj", "{9097BCD9-73C0-4D3F-9339-0E6E980020C2}"
EndProject
Project("{FAE04EC0-301F-11D3-BF4B-00C04F79EFBC}") = "RealHauzing.Consume", "RealHauzing.Consume\RealHauzing.Consume.csproj", "{7C64A8AF-B4E2-4339-8D70-E86FAECB4973}"
EndProject
Global
	GlobalSection(SolutionConfigurationPlatforms) = preSolution
		Debug|Any CPU = Debug|Any CPU
		Release|Any CPU = Release|Any CPU
	EndGlobalSection
	GlobalSection(ProjectConfigurationPlatforms) = postSolution
		{9A56B611-0441-45C1-B0B9-FAD379D6DCA8}.Debug|Any CPU.ActiveCfg = Debug|Any CPU
		{9A56B611-0441-45C1-B0B9-FAD379D6DCA8}.Debug|Any CPU.Build.0 = Debug|Any CPU
		{9A56B611-0441-45C1-B0B9-FAD379D6DCA8}.Release|Any CPU.ActiveCfg = Release|Any CPU
		{9A56B611-0441-45C1-B0B9-FAD379D6DCA8}.Release|Any CPU.Build.0 = Release|Any CPU
		{830C1A76-8DA0-4E50-AE0A-EA9C6EAAA74D}.Debug|Any CPU.ActiveCfg = Debug|Any CPU
		{830C1A76-8DA0-4E50-AE0A-EA9C6EAAA74D}.Debug|Any CPU.Build.0 = Debug|Any CPU
		{830C1A76-8DA0-4E50-AE0A-EA9C6EAAA74D}.Release|Any CPU.ActiveCfg = Release|Any CPU
		{830C1A76-8DA0-4E50-AE0A-EA9C6EAAA74D}.Release|Any CPU.Build.0 = Release|Any CPU
		{448EB867-B336-4A50-A683-0F124EEFF35E}.Debug|Any CPU.ActiveCfg = Debug|Any CPU
		{448EB867-B336-4A50-A683-0F124EEFF35E}.Debug|Any CPU.Build.0 = Debug|Any CPU
		{448EB867-B336-4A50-A683-0F124EEFF35E}.Release|Any CPU.ActiveCfg = Release|Any CPU
		{448EB867-B336-4A50-A683-0F124EEFF35E}.Release|Any CPU.Build.0 = Release|Any CPU
		{E485259A-6BA1-49C8-AB63-4771725EA8AE}.Debug|Any CPU.ActiveCfg = Debug|Any CPU
		{E485259A-6BA1-49C8-AB63-4771725EA8AE}.Debug|Any CPU.Build.0 = Debug|Any CPU
		{E485259A-6BA1-49C8-AB63-4771725EA8AE}.Release|Any CPU.ActiveCfg = Release|Any CPU
		{E485259A-6BA1-49C8-AB63-4771725EA8AE}.Release|Any CPU.Build.0 = Release|Any CPU
		{9097BCD9-73C0-4D3F-9339-0E6E980020C2}.Debug|Any CPU.ActiveCfg = Debug|Any CPU
		{9097BCD9-73C0-4D3F-9339-0E6E980020C2}.Debug|Any CPU.Build.0 = Debug|Any CPU
		{9097BCD9-73C0-4D3F-9339-0E6E980020C2}.Release|Any CPU.ActiveCfg = Release|Any CPU
		{9097BCD9-73C0-4D3F-9339-0E6E980020C2}.Release|Any CPU.Build.0 = Release|Any CPU
		{7C64A8AF-B4E2-4339-8D70-E86FAECB4973}.Debug|Any CPU.ActiveCfg = Debug|Any CPU
		{7C64A8AF-B4E2-4339-8D70-E86FAECB4973}.Debug|Any CPU.Build.0 = Debug|Any CPU
		{7C64A8AF-B4E2-4339-8D70-E86FAECB4973}.Release|Any CPU.ActiveCfg = Release|Any CPU
		{7C64A8AF-B4E2-4339-8D70-E86FAECB4973}.Release|Any CPU.Build.0 = Release|Any CPU
	EndGlobalSection
	GlobalSection(SolutionProperties) = preSolution
		HideSolutionNode = FALSE
	EndGlobalSection
	GlobalSection(ExtensibilityGlobals) = postSolution
		SolutionGuid = {CC27D758-2E1E-41D9-AE87-A16B6E5E40D9}
	EndGlobalSection
EndGlobal
